
Microsoft Visual Studio Solution File, Format Version 12.00
Project("{2150E333-8FDC-42A3-9474-1A3956D46DE8}") = "Infrastructure", "Infrastructure", "{E22F4D2A-8CC7-41D8-A17A-43F64B235696}"
EndProject
Project("{FAE04EC0-301F-11D3-BF4B-00C04F79EFBC}") = "Infrastructure.Application", "Infrastructure\Infrastructure.Application\Infrastructure.Application.csproj", "{501D207F-5D0C-4E10-8B02-FA2B9C438AF9}"
EndProject
Project("{FAE04EC0-301F-11D3-BF4B-00C04F79EFBC}") = "Infrastructure.AspNetCore", "Infrastructure\Infrastructure.AspNetCore\Infrastructure.AspNetCore.csproj", "{E2C1626E-DED6-46A6-BE60-DF75F7448D9C}"
EndProject
Project("{FAE04EC0-301F-11D3-BF4B-00C04F79EFBC}") = "Infrastructure.DataAccess", "Infrastructure\Infrastructure.DataAccess\Infrastructure.DataAccess.csproj", "{77EC5BED-B7C4-432E-9884-618951C308E1}"
EndProject
Project("{FAE04EC0-301F-11D3-BF4B-00C04F79EFBC}") = "Infrastructure.EndpointClients", "Infrastructure\Infrastructure.EndpointClients\Infrastructure.EndpointClients.csproj", "{182187B4-8736-4897-A483-41D01A942A70}"
EndProject
Project("{FAE04EC0-301F-11D3-BF4B-00C04F79EFBC}") = "Infrastructure.SeedWork", "Infrastructure\Infrastructure.SeedWork\Infrastructure.SeedWork.csproj", "{786C59D8-1433-494B-8DA1-7C4C3BA3DEA9}"
EndProject
Project("{FAE04EC0-301F-11D3-BF4B-00C04F79EFBC}") = "Infrastructure.Logging", "Infrastructure\Infrastructure.Logging\Infrastructure.Logging.csproj", "{0F293959-7962-40C9-9411-3699F87B23E6}"
EndProject
Project("{2150E333-8FDC-42A3-9474-1A3956D46DE8}") = "DictionarySystem", "DictionarySystem", "{2F60E744-CBD0-4106-885F-3537A4B4BB7E}"
EndProject
Project("{FAE04EC0-301F-11D3-BF4B-00C04F79EFBC}") = "DictionarySystem.Core", "DictionarySystem\DictionarySystem.Core\DictionarySystem.Core.csproj", "{6BCC11D7-16DC-4440-BBAE-ACCFBA775B66}"
EndProject
Project("{FAE04EC0-301F-11D3-BF4B-00C04F79EFBC}") = "DictionarySystem.Application", "DictionarySystem\DictionarySystem.Application\DictionarySystem.Application.csproj", "{4CE49FB0-DD52-4416-9C39-B26666FE1C6B}"
EndProject
Project("{2150E333-8FDC-42A3-9474-1A3956D46DE8}") = "API", "API", "{6FDC9788-C413-4076-BF38-0EC0FECECE96}"
EndProject
Project("{FAE04EC0-301F-11D3-BF4B-00C04F79EFBC}") = "Site.API", "DictionarySystem\API\Site.API\Site.API.csproj", "{58E44DF5-936E-4135-8FC9-933652B23639}"
EndProject
Global
	GlobalSection(SolutionConfigurationPlatforms) = preSolution
		Debug|Any CPU = Debug|Any CPU
		Release|Any CPU = Release|Any CPU
	EndGlobalSection
	GlobalSection(ProjectConfigurationPlatforms) = postSolution
		{501D207F-5D0C-4E10-8B02-FA2B9C438AF9}.Debug|Any CPU.ActiveCfg = Debug|Any CPU
		{501D207F-5D0C-4E10-8B02-FA2B9C438AF9}.Debug|Any CPU.Build.0 = Debug|Any CPU
		{501D207F-5D0C-4E10-8B02-FA2B9C438AF9}.Release|Any CPU.ActiveCfg = Release|Any CPU
		{501D207F-5D0C-4E10-8B02-FA2B9C438AF9}.Release|Any CPU.Build.0 = Release|Any CPU
		{E2C1626E-DED6-46A6-BE60-DF75F7448D9C}.Debug|Any CPU.ActiveCfg = Debug|Any CPU
		{E2C1626E-DED6-46A6-BE60-DF75F7448D9C}.Debug|Any CPU.Build.0 = Debug|Any CPU
		{E2C1626E-DED6-46A6-BE60-DF75F7448D9C}.Release|Any CPU.ActiveCfg = Release|Any CPU
		{E2C1626E-DED6-46A6-BE60-DF75F7448D9C}.Release|Any CPU.Build.0 = Release|Any CPU
		{77EC5BED-B7C4-432E-9884-618951C308E1}.Debug|Any CPU.ActiveCfg = Debug|Any CPU
		{77EC5BED-B7C4-432E-9884-618951C308E1}.Debug|Any CPU.Build.0 = Debug|Any CPU
		{77EC5BED-B7C4-432E-9884-618951C308E1}.Release|Any CPU.ActiveCfg = Release|Any CPU
		{77EC5BED-B7C4-432E-9884-618951C308E1}.Release|Any CPU.Build.0 = Release|Any CPU
		{182187B4-8736-4897-A483-41D01A942A70}.Debug|Any CPU.ActiveCfg = Debug|Any CPU
		{182187B4-8736-4897-A483-41D01A942A70}.Debug|Any CPU.Build.0 = Debug|Any CPU
		{182187B4-8736-4897-A483-41D01A942A70}.Release|Any CPU.ActiveCfg = Release|Any CPU
		{182187B4-8736-4897-A483-41D01A942A70}.Release|Any CPU.Build.0 = Release|Any CPU
		{786C59D8-1433-494B-8DA1-7C4C3BA3DEA9}.Debug|Any CPU.ActiveCfg = Debug|Any CPU
		{786C59D8-1433-494B-8DA1-7C4C3BA3DEA9}.Debug|Any CPU.Build.0 = Debug|Any CPU
		{786C59D8-1433-494B-8DA1-7C4C3BA3DEA9}.Release|Any CPU.ActiveCfg = Release|Any CPU
		{786C59D8-1433-494B-8DA1-7C4C3BA3DEA9}.Release|Any CPU.Build.0 = Release|Any CPU
		{0F293959-7962-40C9-9411-3699F87B23E6}.Debug|Any CPU.ActiveCfg = Debug|Any CPU
		{0F293959-7962-40C9-9411-3699F87B23E6}.Debug|Any CPU.Build.0 = Debug|Any CPU
		{0F293959-7962-40C9-9411-3699F87B23E6}.Release|Any CPU.ActiveCfg = Release|Any CPU
		{0F293959-7962-40C9-9411-3699F87B23E6}.Release|Any CPU.Build.0 = Release|Any CPU
		{6BCC11D7-16DC-4440-BBAE-ACCFBA775B66}.Debug|Any CPU.ActiveCfg = Debug|Any CPU
		{6BCC11D7-16DC-4440-BBAE-ACCFBA775B66}.Debug|Any CPU.Build.0 = Debug|Any CPU
		{6BCC11D7-16DC-4440-BBAE-ACCFBA775B66}.Release|Any CPU.ActiveCfg = Release|Any CPU
		{6BCC11D7-16DC-4440-BBAE-ACCFBA775B66}.Release|Any CPU.Build.0 = Release|Any CPU
		{4CE49FB0-DD52-4416-9C39-B26666FE1C6B}.Debug|Any CPU.ActiveCfg = Debug|Any CPU
		{4CE49FB0-DD52-4416-9C39-B26666FE1C6B}.Debug|Any CPU.Build.0 = Debug|Any CPU
		{4CE49FB0-DD52-4416-9C39-B26666FE1C6B}.Release|Any CPU.ActiveCfg = Release|Any CPU
		{4CE49FB0-DD52-4416-9C39-B26666FE1C6B}.Release|Any CPU.Build.0 = Release|Any CPU
		{58E44DF5-936E-4135-8FC9-933652B23639}.Debug|Any CPU.ActiveCfg = Debug|Any CPU
		{58E44DF5-936E-4135-8FC9-933652B23639}.Debug|Any CPU.Build.0 = Debug|Any CPU
		{58E44DF5-936E-4135-8FC9-933652B23639}.Release|Any CPU.ActiveCfg = Release|Any CPU
		{58E44DF5-936E-4135-8FC9-933652B23639}.Release|Any CPU.Build.0 = Release|Any CPU
	EndGlobalSection
	GlobalSection(NestedProjects) = preSolution
		{501D207F-5D0C-4E10-8B02-FA2B9C438AF9} = {E22F4D2A-8CC7-41D8-A17A-43F64B235696}
		{E2C1626E-DED6-46A6-BE60-DF75F7448D9C} = {E22F4D2A-8CC7-41D8-A17A-43F64B235696}
		{77EC5BED-B7C4-432E-9884-618951C308E1} = {E22F4D2A-8CC7-41D8-A17A-43F64B235696}
		{182187B4-8736-4897-A483-41D01A942A70} = {E22F4D2A-8CC7-41D8-A17A-43F64B235696}
		{786C59D8-1433-494B-8DA1-7C4C3BA3DEA9} = {E22F4D2A-8CC7-41D8-A17A-43F64B235696}
		{0F293959-7962-40C9-9411-3699F87B23E6} = {E22F4D2A-8CC7-41D8-A17A-43F64B235696}
		{6BCC11D7-16DC-4440-BBAE-ACCFBA775B66} = {2F60E744-CBD0-4106-885F-3537A4B4BB7E}
		{4CE49FB0-DD52-4416-9C39-B26666FE1C6B} = {2F60E744-CBD0-4106-885F-3537A4B4BB7E}
		{6FDC9788-C413-4076-BF38-0EC0FECECE96} = {2F60E744-CBD0-4106-885F-3537A4B4BB7E}
		{58E44DF5-936E-4135-8FC9-933652B23639} = {6FDC9788-C413-4076-BF38-0EC0FECECE96}
	EndGlobalSection
EndGlobal
